// !$*UTF8*$!
{
	archiveVersion = 1;
	classes = {
	};
	objectVersion = 50;
	objects = {

/* Begin PBXBuildFile section */
		14426F0122C659A2008CDCBD /* AppDelegate.m in Sources */ = {isa = PBXBuildFile; fileRef = 14426F0022C659A2008CDCBD /* AppDelegate.m */; };
		14426F0422C659A2008CDCBD /* ViewController.m in Sources */ = {isa = PBXBuildFile; fileRef = 14426F0322C659A2008CDCBD /* ViewController.m */; };
		14426F0722C659A2008CDCBD /* Main.storyboard in Resources */ = {isa = PBXBuildFile; fileRef = 14426F0522C659A2008CDCBD /* Main.storyboard */; };
		14426F0922C659A5008CDCBD /* Assets.xcassets in Resources */ = {isa = PBXBuildFile; fileRef = 14426F0822C659A5008CDCBD /* Assets.xcassets */; };
		14426F0C22C659A5008CDCBD /* LaunchScreen.storyboard in Resources */ = {isa = PBXBuildFile; fileRef = 14426F0A22C659A5008CDCBD /* LaunchScreen.storyboard */; };
		14426F0F22C659A5008CDCBD /* main.m in Sources */ = {isa = PBXBuildFile; fileRef = 14426F0E22C659A5008CDCBD /* main.m */; };
/* End PBXBuildFile section */

/* Begin PBXFileReference section */
		14426EFC22C659A2008CDCBD /* RunLoopLoadImages.app */ = {isa = PBXFileReference; explicitFileType = wrapper.application; includeInIndex = 0; path = RunLoopLoadImages.app; sourceTree = BUILT_PRODUCTS_DIR; };
		14426EFF22C659A2008CDCBD /* AppDelegate.h */ = {isa = PBXFileReference; lastKnownFileType = sourcecode.c.h; path = AppDelegate.h; sourceTree = "<group>"; };
		14426F0022C659A2008CDCBD /* AppDelegate.m */ = {isa = PBXFileReference; lastKnownFileType = sourcecode.c.objc; path = AppDelegate.m; sourceTree = "<group>"; };
		14426F0222C659A2008CDCBD /* ViewController.h */ = {isa = PBXFileReference; lastKnownFileType = sourcecode.c.h; path = ViewController.h; sourceTree = "<group>"; };
		14426F0322C659A2008CDCBD /* ViewController.m */ = {isa = PBXFileReference; lastKnownFileType = sourcecode.c.objc; path = ViewController.m; sourceTree = "<group>"; };
		14426F0622C659A2008CDCBD /* Base */ = {isa = PBXFileReference; lastKnownFileType = file.storyboard; name = Base; path = Base.lproj/Main.storyboard; sourceTree = "<group>"; };
		14426F0822C659A5008CDCBD /* Assets.xcassets */ = {isa = PBXFileReference; lastKnownFileType = folder.assetcatalog; path = Assets.xcassets; sourceTree = "<group>"; };
		14426F0B22C659A5008CDCBD /* Base */ = {isa = PBXFileReference; lastKnownFileType = file.storyboard; name = Base; path = Base.lproj/LaunchScreen.storyboard; sourceTree = "<group>"; };
		14426F0D22C659A5008CDCBD /* Info.plist */ = {isa = PBXFileReference; lastKnownFileType = text.plist.xml; path = Info.plist; sourceTree = "<group>"; };
		14426F0E22C659A5008CDCBD /* main.m */ = {isa = PBXFileReference; lastKnownFileType = sourcecode.c.objc; path = main.m; sourceTree = "<group>"; };
/* End PBXFileReference section */

/* Begin PBXFrameworksBuildPhase section */
		14426EF922C659A2008CDCBD /* Frameworks */ = {
			isa = PBXFrameworksBuildPhase;
			buildActionMask = 2147483647;
			files = (
			);
			runOnlyForDeploymentPostprocessing = 0;
		};
/* End PBXFrameworksBuildPhase section */

/* Begin PBXGroup section */
		14426EF322C659A2008CDCBD = {
			isa = PBXGroup;
			children = (
				14426EFE22C659A2008CDCBD /* RunLoopLoadImages */,
				14426EFD22C659A2008CDCBD /* Products */,
			);
			sourceTree = "<group>";
		};
		14426EFD22C659A2008CDCBD /* Products */ = {
			isa = PBXGroup;
			children = (
				14426EFC22C659A2008CDCBD /* RunLoopLoadImages.app */,
			);
			name = Products;
			sourceTree = "<group>";
		};
		14426EFE22C659A2008CDCBD /* RunLoopLoadImages */ = {
			isa = PBXGroup;
			children = (
				14426EFF22C659A2008CDCBD /* AppDelegate.h */,
				14426F0022C659A2008CDCBD /* AppDelegate.m */,
				14426F0222C659A2008CDCBD /* ViewController.h */,
				14426F0322C659A2008CDCBD /* ViewController.m */,
				14426F0522C659A2008CDCBD /* Main.storyboard */,
				14426F0822C659A5008CDCBD /* Assets.xcassets */,
				14426F0A22C659A5008CDCBD /* LaunchScreen.storyboard */,
				14426F0D22C659A5008CDCBD /* Info.plist */,
				14426F0E22C659A5008CDCBD /* main.m */,
			);
			path = RunLoopLoadImages;
			sourceTree = "<group>";
		};
/* End PBXGroup section */

/* Begin PBXNativeTarget section */
		14426EFB22C659A2008CDCBD /* RunLoopLoadImages */ = {
			isa = PBXNativeTarget;
			buildConfigurationList = 14426F1222C659A5008CDCBD /* Build configuration list for PBXNativeTarget "RunLoopLoadImages" */;
			buildPhases = (
				14426EF822C659A2008CDCBD /* Sources */,
				14426EF922C659A2008CDCBD /* Frameworks */,
				14426EFA22C659A2008CDCBD /* Resources */,
			);
			buildRules = (
			);
			dependencies = (
			);
			name = RunLoopLoadImages;
			productName = RunLoopLoadImages;
			productReference = 14426EFC22C659A2008CDCBD /* RunLoopLoadImages.app */;
			productType = "com.apple.product-type.application";
		};
/* End PBXNativeTarget section */

/* Begin PBXProject section */
		14426EF422C659A2008CDCBD /* Project object */ = {
			isa = PBXProject;
			attributes = {
				LastUpgradeCheck = 0940;
				ORGANIZATIONNAME = Mac;
				TargetAttributes = {
					14426EFB22C659A2008CDCBD = {
						CreatedOnToolsVersion = 9.4.1;
					};
				};
			};
			buildConfigurationList = 14426EF722C659A2008CDCBD /* Build configuration list for PBXProject "RunLoopLoadImages" */;
			compatibilityVersion = "Xcode 9.3";
			developmentRegion = en;
			hasScannedForEncodings = 0;
			knownRegions = (
				en,
				Base,
			);
			mainGroup = 14426EF322C659A2008CDCBD;
			productRefGroup = 14426EFD22C659A2008CDCBD /* Products */;
			projectDirPath = "";
			projectRoot = "";
			targets = (
				14426EFB22C659A2008CDCBD /* RunLoopLoadImages */,
			);
		};
/* End PBXProject section */

/* Begin PBXResourcesBuildPhase section */
		14426EFA22C659A2008CDCBD /* Resources */ = {
			isa = PBXResourcesBuildPhase;
			buildActionMask = 2147483647;
			files = (
				14426F0C22C659A5008CDCBD /* LaunchScreen.storyboard in Resources */,
				14426F0922C659A5008CDCBD /* Assets.xcassets in Resources */,
				14426F0722C659A2008CDCBD /* Main.storyboard in Resources */,
			);
			runOnlyForDeploymentPostprocessing = 0;
		};
/* End PBXResourcesBuildPhase section */

/* Begin PBXSourcesBuildPhase section */
		14426EF822C659A2008CDCBD /* Sources */ = {
			isa = PBXSourcesBuildPhase;
			buildActionMask = 2147483647;
			files = (
				14426F0422C659A2008CDCBD /* ViewController.m in Sources */,
				14426F0F22C659A5008CDCBD /* main.m in Sources */,
				14426F0122C659A2008CDCBD /* AppDelegate.m in Sources */,
			);
			runOnlyForDeploymentPostprocessing = 0;
		};
/* End PBXSourcesBuildPhase section */

/* Begin PBXVariantGroup section */
		14426F0522C659A2008CDCBD /* Main.storyboard */ = {
			isa = PBXVariantGroup;
			children = (
				14426F0622C659A2008CDCBD /* Base */,
			);
			name = Main.storyboard;
			sourceTree = "<group>";
		};
		14426F0A22C659A5008CDCBD /* LaunchScreen.storyboard */ = {
			isa = PBXVariantGroup;
			children = (
				14426F0B22C659A5008CDCBD /* Base */,
			);
			name = LaunchScreen.storyboard;
			sourceTree = "<group>";
		};
/* End PBXVariantGroup section */

/* Begin XCBuildConfiguration section */
		14426F1022C659A5008CDCBD /* Debug */ = {
			isa = XCBuildConfiguration;
			buildSettings = {
				ALWAYS_SEARCH_USER_PATHS = NO;
				CLANG_ANALYZER_NONNULL = YES;
				CLANG_ANALYZER_NUMBER_OBJECT_CONVERSION = YES_AGGRESSIVE;
				CLANG_CXX_LANGUAGE_STANDARD = "gnu++14";
				CLANG_CXX_LIBRARY = "libc++";
				CLANG_ENABLE_MODULES = YES;
				CLANG_ENABLE_OBJC_ARC = YES;
				CLANG_ENABLE_OBJC_WEAK = YES;
				CLANG_WARN_BLOCK_CAPTURE_AUTORELEASING = YES;
				CLANG_WARN_BOOL_CONVERSION = YES;
				CLANG_WARN_COMMA = YES;
				CLANG_WARN_CONSTANT_CONVERSION = YES;
				CLANG_WARN_DEPRECATED_OBJC_IMPLEMENTATIONS = YES;
				CLANG_WARN_DIRECT_OBJC_ISA_USAGE = YES_ERROR;
				CLANG_WARN_DOCUMENTATION_COMMENTS = YES;
				CLANG_WARN_EMPTY_BODY = YES;
				CLANG_WARN_ENUM_CONVERSION = YES;
				CLANG_WARN_INFINITE_RECURSION = YES;
				CLANG_WARN_INT_CONVERSION = YES;
				CLANG_WARN_NON_LITERAL_NULL_CONVERSION = YES;
				CLANG_WARN_OBJC_IMPLICIT_RETAIN_SELF = YES;
				CLANG_WARN_OBJC_LITERAL_CONVERSION = YES;
				CLANG_WARN_OBJC_ROOT_CLASS = YES_ERROR;
				CLANG_WARN_RANGE_LOOP_ANALYSIS = YES;
				CLANG_WARN_STRICT_PROTOTYPES = YES;
				CLANG_WARN_SUSPICIOUS_MOVE = YES;
				CLANG_WARN_UNGUARDED_AVAILABILITY = YES_AGGRESSIVE;
				CLANG_WARN_UNREACHABLE_CODE = YES;
				CLANG_WARN__DUPLICATE_METHOD_MATCH = YES;
				CODE_SIGN_IDENTITY = "iPhone Developer";
				COPY_PHASE_STRIP = NO;
				DEBUG_INFORMATION_FORMAT = dwarf;
				ENABLE_STRICT_OBJC_MSGSEND = YES;
				ENABLE_TESTABILITY = YES;
				GCC_C_LANGUAGE_STANDARD = gnu11;
				GCC_DYNAMIC_NO_PIC = NO;
				GCC_NO_COMMON_BLOCKS = YES;
				GCC_OPTIMIZATION_LEVEL = 0;
				GCC_PREPROCESSOR_DEFINITIONS = (
					"DEBUG=1",
					"$(inherited)",
				);
				GCC_WARN_64_TO_32_BIT_CONVERSION = YES;
				GCC_WARN_ABOUT_RETURN_TYPE = YES_ERROR;
				GCC_WARN_UNDECLARED_SELECTOR = YES;
				GCC_WARN_UNINITIALIZED_AUTOS = YES_AGGRESSIVE;
				GCC_WARN_UNUSED_FUNCTION = YES;
				GCC_WARN_UNUSED_VARIABLE = YES;
				IPHONEOS_DEPLOYMENT_TARGET = 11.4;
				MTL_ENABLE_DEBUG_INFO = YES;
				ONLY_ACTIVE_ARCH = YES;
				SDKROOT = iphoneos;
			};
			name = Debug;
		};
		14426F1122C659A5008CDCBD /* Release */ = {
			isa = XCBuildConfiguration;
			buildSettings = {
				ALWAYS_SEARCH_USER_PATHS = NO;
				CLANG_ANALYZER_NONNULL = YES;
				CLANG_ANALYZER_NUMBER_OBJECT_CONVERSION = YES_AGGRESSIVE;
				CLANG_CXX_LANGUAGE_STANDARD = "gnu++14";
				CLANG_CXX_LIBRARY = "libc++";
				CLANG_ENABLE_MODULES = YES;
				CLANG_ENABLE_OBJC_ARC = YES;
				CLANG_ENABLE_OBJC_WEAK = YES;
				CLANG_WARN_BLOCK_CAPTURE_AUTORELEASING = YES;
				CLANG_WARN_BOOL_CONVERSION = YES;
				CLANG_WARN_COMMA = YES;
				CLANG_WARN_CONSTANT_CONVERSION = YES;
				CLANG_WARN_DEPRECATED_OBJC_IMPLEMENTATIONS = YES;
				CLANG_WARN_DIRECT_OBJC_ISA_USAGE = YES_ERROR;
				CLANG_WARN_DOCUMENTATION_COMMENTS = YES;
				CLANG_WARN_EMPTY_BODY = YES;
				CLANG_WARN_ENUM_CONVERSION = YES;
				CLANG_WARN_INFINITE_RECURSION = YES;
				CLANG_WARN_INT_CONVERSION = YES;
				CLANG_WARN_NON_LITERAL_NULL_CONVERSION = YES;
				CLANG_WARN_OBJC_IMPLICIT_RETAIN_SELF = YES;
				CLANG_WARN_OBJC_LITERAL_CONVERSION = YES;
				CLANG_WARN_OBJC_ROOT_CLASS = YES_ERROR;
				CLANG_WARN_RANGE_LOOP_ANALYSIS = YES;
				CLANG_WARN_STRICT_PROTOTYPES = YES;
				CLANG_WARN_SUSPICIOUS_MOVE = YES;
				CLANG_WARN_UNGUARDED_AVAILABILITY = YES_AGGRESSIVE;
				CLANG_WARN_UNREACHABLE_CODE = YES;
				CLANG_WARN__DUPLICATE_METHOD_MATCH = YES;
				CODE_SIGN_IDENTITY = "iPhone Developer";
				COPY_PHASE_STRIP = NO;
				DEBUG_INFORMATION_FORMAT = "dwarf-with-dsym";
				ENABLE_NS_ASSERTIONS = NO;
				ENABLE_STRICT_OBJC_MSGSEND = YES;
				GCC_C_LANGUAGE_STANDARD = gnu11;
				GCC_NO_COMMON_BLOCKS = YES;
				GCC_WARN_64_TO_32_BIT_CONVERSION = YES;
				GCC_WARN_ABOUT_RETURN_TYPE = YES_ERROR;
				GCC_WARN_UNDECLARED_SELECTOR = YES;
				GCC_WARN_UNINITIALIZED_AUTOS = YES_AGGRESSIVE;
				GCC_WARN_UNUSED_FUNCTION = YES;
				GCC_WARN_UNUSED_VARIABLE = YES;
				IPHONEOS_DEPLOYMENT_TARGET = 11.4;
				MTL_ENABLE_DEBUG_INFO = NO;
				SDKROOT = iphoneos;
				VALIDATE_PRODUCT = YES;
			};
			name = Release;
		};
		14426F1322C659A5008CDCBD /* Debug */ = {
			isa = XCBuildConfiguration;
			buildSettings = {
				ASSETCATALOG_COMPILER_APPICON_NAME = AppIcon;
				CODE_SIGN_STYLE = Automatic;
				INFOPLIST_FILE = RunLoopLoadImages/Info.plist;
				LD_RUNPATH_SEARCH_PATHS = (
					"$(inherited)",
					"@executable_path/Frameworks",
				);
				PRODUCT_BUNDLE_IDENTIFIER = maochengfang.RunLoopLoadImages;
				PRODUCT_NAME = "$(TARGET_NAME)";
				TARGETED_DEVICE_FAMILY = "1,2";
			};
			name = Debug;
		};
		14426F1422C659A5008CDCBD /* Release */ = {
			isa = XCBuildConfiguration;
			buildSettings = {
				ASSETCATALOG_COMPILER_APPICON_NAME = AppIcon;
				CODE_SIGN_STYLE = Automatic;
				INFOPLIST_FILE = RunLoopLoadImages/Info.plist;
				LD_RUNPATH_SEARCH_PATHS = (
					"$(inherited)",
					"@executable_path/Frameworks",
				);
				PRODUCT_BUNDLE_IDENTIFIER = maochengfang.RunLoopLoadImages;
				PRODUCT_NAME = "$(TARGET_NAME)";
				TARGETED_DEVICE_FAMILY = "1,2";
			};
			name = Release;
		};
/* End XCBuildConfiguration section */

/* Begin XCConfigurationList section */
		14426EF722C659A2008CDCBD /* Build configuration list for PBXProject "RunLoopLoadImages" */ = {
			isa = XCConfigurationList;
			buildConfigurations = (
				14426F1022C659A5008CDCBD /* Debug */,
				14426F1122C659A5008CDCBD /* Release */,
			);
			defaultConfigurationIsVisible = 0;
			defaultConfigurationName = Release;
		};
		14426F1222C659A5008CDCBD /* Build configuration list for PBXNativeTarget "RunLoopLoadImages" */ = {
			isa = XCConfigurationList;
			buildConfigurations = (
				14426F1322C659A5008CDCBD /* Debug */,
				14426F1422C659A5008CDCBD /* Release */,
			);
			defaultConfigurationIsVisible = 0;
			defaultConfigurationName = Release;
		};
/* End XCConfigurationList section */
	};
	rootObject = 14426EF422C659A2008CDCBD /* Project object */;
}
